// !$*UTF8*$!
{
	archiveVersion = 1;
	classes = {
	};
	objectVersion = 46;
	objects = {

/* Begin PBXBuildFile section */
		15830F2B152A01CC00977154 /* DetailViewController.m in Sources */ = {isa = PBXBuildFile; fileRef = 15830F29152A01CC00977154 /* DetailViewController.m */; };
		15830F2C152A01CC00977154 /* DetailViewController.xib in Resources */ = {isa = PBXBuildFile; fileRef = 15830F2A152A01CC00977154 /* DetailViewController.xib */; };
		15830F2E152A098900977154 /* DNA.png in Resources */ = {isa = PBXBuildFile; fileRef = 15830F2D152A098900977154 /* DNA.png */; };
		15830F32152A103A00977154 /* Transparent_Bar.png in Resources */ = {isa = PBXBuildFile; fileRef = 15830F31152A103A00977154 /* Transparent_Bar.png */; };
		15D17122152C9F6E00203054 /* genetics_72.png in Resources */ = {isa = PBXBuildFile; fileRef = 15D17121152C9F6E00203054 /* genetics_72.png */; };
		B93DB484152E92CF0020A71D /* chapter6.plist in Resources */ = {isa = PBXBuildFile; fileRef = B93DB483152E92CF0020A71D /* chapter6.plist */; };
		B966B5D7152F409900616409 /* 01.png in Resources */ = {isa = PBXBuildFile; fileRef = B966B5AE152F409900616409 /* 01.png */; };
		B966B5D8152F409900616409 /* 02.png in Resources */ = {isa = PBXBuildFile; fileRef = B966B5AF152F409900616409 /* 02.png */; };
		B966B5D9152F409900616409 /* 03.png in Resources */ = {isa = PBXBuildFile; fileRef = B966B5B0152F409900616409 /* 03.png */; };
		B966B5DA152F409900616409 /* 04.png in Resources */ = {isa = PBXBuildFile; fileRef = B966B5B1152F409900616409 /* 04.png */; };
		B966B5DB152F409900616409 /* 05.png in Resources */ = {isa = PBXBuildFile; fileRef = B966B5B2152F409900616409 /* 05.png */; };
		B966B5DC152F409900616409 /* 06.png in Resources */ = {isa = PBXBuildFile; fileRef = B966B5B3152F409900616409 /* 06.png */; };
		B966B5DD152F409900616409 /* 07.png in Resources */ = {isa = PBXBuildFile; fileRef = B966B5B4152F409900616409 /* 07.png */; };
		B966B5DE152F409900616409 /* 08.png in Resources */ = {isa = PBXBuildFile; fileRef = B966B5B5152F409900616409 /* 08.png */; };
		B966B5DF152F409900616409 /* 09.png in Resources */ = {isa = PBXBuildFile; fileRef = B966B5B6152F409900616409 /* 09.png */; };
		B966B5E1152F409900616409 /* 10.png in Resources */ = {isa = PBXBuildFile; fileRef = B966B5B8152F409900616409 /* 10.png */; };
		B966B5E2152F409900616409 /* 11.png in Resources */ = {isa = PBXBuildFile; fileRef = B966B5B9152F409900616409 /* 11.png */; };
		B966B5E3152F409900616409 /* 12.png in Resources */ = {isa = PBXBuildFile; fileRef = B966B5BA152F409900616409 /* 12.png */; };
		B966B5E4152F409900616409 /* 13.png in Resources */ = {isa = PBXBuildFile; fileRef = B966B5BB152F409900616409 /* 13.png */; };
		B966B5E5152F409900616409 /* 14.png in Resources */ = {isa = PBXBuildFile; fileRef = B966B5BC152F409900616409 /* 14.png */; };
		B966B5E6152F409900616409 /* 15.png in Resources */ = {isa = PBXBuildFile; fileRef = B966B5BD152F409900616409 /* 15.png */; };
		B966B5E7152F409900616409 /* 16.png in Resources */ = {isa = PBXBuildFile; fileRef = B966B5BE152F409900616409 /* 16.png */; };
		B966B5E8152F409900616409 /* 17.png in Resources */ = {isa = PBXBuildFile; fileRef = B966B5BF152F409900616409 /* 17.png */; };
		B966B5E9152F409900616409 /* 18.png in Resources */ = {isa = PBXBuildFile; fileRef = B966B5C0152F409900616409 /* 18.png */; };
		B966B5EA152F409900616409 /* 19.png in Resources */ = {isa = PBXBuildFile; fileRef = B966B5C1152F409900616409 /* 19.png */; };
		B966B5EC152F409900616409 /* 20.png in Resources */ = {isa = PBXBuildFile; fileRef = B966B5C3152F409900616409 /* 20.png */; };
		B966B5ED152F409900616409 /* 21.png in Resources */ = {isa = PBXBuildFile; fileRef = B966B5C4152F409900616409 /* 21.png */; };
		B966B5EE152F409900616409 /* 22.png in Resources */ = {isa = PBXBuildFile; fileRef = B966B5C5152F409900616409 /* 22.png */; };
		B966B5EF152F409900616409 /* 23.png in Resources */ = {isa = PBXBuildFile; fileRef = B966B5C6152F409900616409 /* 23.png */; };
		B966B5F0152F409900616409 /* 24.png in Resources */ = {isa = PBXBuildFile; fileRef = B966B5C7152F409900616409 /* 24.png */; };
		B966B5F1152F409900616409 /* 25.png in Resources */ = {isa = PBXBuildFile; fileRef = B966B5C8152F409900616409 /* 25.png */; };
		B966B5F2152F409900616409 /* 26.png in Resources */ = {isa = PBXBuildFile; fileRef = B966B5C9152F409900616409 /* 26.png */; };
		B966B5F3152F409900616409 /* 27.png in Resources */ = {isa = PBXBuildFile; fileRef = B966B5CA152F409900616409 /* 27.png */; };
		B966B5F4152F409900616409 /* 28.png in Resources */ = {isa = PBXBuildFile; fileRef = B966B5CB152F409900616409 /* 28.png */; };
		B966B5F5152F409900616409 /* 29.png in Resources */ = {isa = PBXBuildFile; fileRef = B966B5CC152F409900616409 /* 29.png */; };
		B966B5F7152F409900616409 /* 30.png in Resources */ = {isa = PBXBuildFile; fileRef = B966B5CE152F409900616409 /* 30.png */; };
		B966B5F8152F409900616409 /* 31.png in Resources */ = {isa = PBXBuildFile; fileRef = B966B5CF152F409900616409 /* 31.png */; };
		B966B5F9152F409900616409 /* 32.png in Resources */ = {isa = PBXBuildFile; fileRef = B966B5D0152F409900616409 /* 32.png */; };
		B966B608152F4DDF00616409 /* StaticView6Controller.m in Sources */ = {isa = PBXBuildFile; fileRef = B966B606152F4DDF00616409 /* StaticView6Controller.m */; };
		B966B609152F4DDF00616409 /* StaticView6Controller.xib in Resources */ = {isa = PBXBuildFile; fileRef = B966B607152F4DDF00616409 /* StaticView6Controller.xib */; };
		B996E7221529380000089A68 /* UIKit.framework in Frameworks */ = {isa = PBXBuildFile; fileRef = B996E7211529380000089A68 /* UIKit.framework */; };
		B996E7241529380000089A68 /* Foundation.framework in Frameworks */ = {isa = PBXBuildFile; fileRef = B996E7231529380000089A68 /* Foundation.framework */; };
		B996E7261529380000089A68 /* CoreGraphics.framework in Frameworks */ = {isa = PBXBuildFile; fileRef = B996E7251529380000089A68 /* CoreGraphics.framework */; };
		B996E72C1529380000089A68 /* InfoPlist.strings in Resources */ = {isa = PBXBuildFile; fileRef = B996E72A1529380000089A68 /* InfoPlist.strings */; };
		B996E72E1529380000089A68 /* main.m in Sources */ = {isa = PBXBuildFile; fileRef = B996E72D1529380000089A68 /* main.m */; };
		B996E7321529380000089A68 /* AppDelegate.m in Sources */ = {isa = PBXBuildFile; fileRef = B996E7311529380000089A68 /* AppDelegate.m */; };
		B996E73B1529387600089A68 /* MasterViewController.m in Sources */ = {isa = PBXBuildFile; fileRef = B996E7391529387600089A68 /* MasterViewController.m */; };
		B996E73C1529387600089A68 /* MasterViewController.xib in Resources */ = {isa = PBXBuildFile; fileRef = B996E73A1529387600089A68 /* MasterViewController.xib */; };
		BE0386E71530E17A00F7F100 /* DetailViewController6.m in Sources */ = {isa = PBXBuildFile; fileRef = BE0386E51530E17A00F7F100 /* DetailViewController6.m */; };
		BE0386E81530E17A00F7F100 /* DetailViewController6.xib in Resources */ = {isa = PBXBuildFile; fileRef = BE0386E61530E17A00F7F100 /* DetailViewController6.xib */; };
		BE0386F61530E67F00F7F100 /* 001.png in Resources */ = {isa = PBXBuildFile; fileRef = BE0386EB1530E67F00F7F100 /* 001.png */; };
		BE0386F71530E67F00F7F100 /* 002.png in Resources */ = {isa = PBXBuildFile; fileRef = BE0386EC1530E67F00F7F100 /* 002.png */; };
		BE0386F81530E67F00F7F100 /* 003.png in Resources */ = {isa = PBXBuildFile; fileRef = BE0386ED1530E67F00F7F100 /* 003.png */; };
		BE0386F91530E67F00F7F100 /* 004.png in Resources */ = {isa = PBXBuildFile; fileRef = BE0386EE1530E67F00F7F100 /* 004.png */; };
		BE0386FA1530E67F00F7F100 /* 005.png in Resources */ = {isa = PBXBuildFile; fileRef = BE0386EF1530E67F00F7F100 /* 005.png */; };
		BE0386FB1530E67F00F7F100 /* 006.png in Resources */ = {isa = PBXBuildFile; fileRef = BE0386F01530E67F00F7F100 /* 006.png */; };
		BE0386FC1530E67F00F7F100 /* 007.png in Resources */ = {isa = PBXBuildFile; fileRef = BE0386F11530E67F00F7F100 /* 007.png */; };
		BE0386FD1530E67F00F7F100 /* 008.png in Resources */ = {isa = PBXBuildFile; fileRef = BE0386F21530E67F00F7F100 /* 008.png */; };
		BE0386FE1530E67F00F7F100 /* 009.png in Resources */ = {isa = PBXBuildFile; fileRef = BE0386F31530E67F00F7F100 /* 009.png */; };
		BE0386FF1530E67F00F7F100 /* 010.png in Resources */ = {isa = PBXBuildFile; fileRef = BE0386F41530E67F00F7F100 /* 010.png */; };
		BE0387001530E67F00F7F100 /* 011.png in Resources */ = {isa = PBXBuildFile; fileRef = BE0386F51530E67F00F7F100 /* 011.png */; };
		BE674FDD152D43E300C18493 /* chapter5.plist in Resources */ = {isa = PBXBuildFile; fileRef = BE674FDC152D43E300C18493 /* chapter5.plist */; };
		BE9F96B9152C013B0098A24F /* StaticViewController.m in Sources */ = {isa = PBXBuildFile; fileRef = BE9F96B7152C013B0098A24F /* StaticViewController.m */; };
		BE9F96BA152C013B0098A24F /* StaticViewController.xib in Resources */ = {isa = PBXBuildFile; fileRef = BE9F96B8152C013B0098A24F /* StaticViewController.xib */; };
		BEDD979B153226BD003697AF /* 1leftback.png in Resources */ = {isa = PBXBuildFile; fileRef = BEDD9776153226BD003697AF /* 1leftback.png */; };
		BEDD979C153226BD003697AF /* 1leftfront.png in Resources */ = {isa = PBXBuildFile; fileRef = BEDD9777153226BD003697AF /* 1leftfront.png */; };
		BEDD979D153226BD003697AF /* 1rightback.png in Resources */ = {isa = PBXBuildFile; fileRef = BEDD9778153226BD003697AF /* 1rightback.png */; };
		BEDD979E153226BD003697AF /* 1rightfront.png in Resources */ = {isa = PBXBuildFile; fileRef = BEDD9779153226BD003697AF /* 1rightfront.png */; };
		BEDD979F153226BD003697AF /* 2leftback.png in Resources */ = {isa = PBXBuildFile; fileRef = BEDD977A153226BD003697AF /* 2leftback.png */; };
		BEDD97A0153226BD003697AF /* 2leftfront.png in Resources */ = {isa = PBXBuildFile; fileRef = BEDD977B153226BD003697AF /* 2leftfront.png */; };
		BEDD97A1153226BD003697AF /* 2rightback.png in Resources */ = {isa = PBXBuildFile; fileRef = BEDD977C153226BD003697AF /* 2rightback.png */; };
		BEDD97A2153226BD003697AF /* 2rightfront.png in Resources */ = {isa = PBXBuildFile; fileRef = BEDD977D153226BD003697AF /* 2rightfront.png */; };
		BEDD97A3153226BD003697AF /* 3leftback.png in Resources */ = {isa = PBXBuildFile; fileRef = BEDD977E153226BD003697AF /* 3leftback.png */; };
		BEDD97A4153226BD003697AF /* 3leftfront.png in Resources */ = {isa = PBXBuildFile; fileRef = BEDD977F153226BD003697AF /* 3leftfront.png */; };
		BEDD97A5153226BD003697AF /* 3rightback.png in Resources */ = {isa = PBXBuildFile; fileRef = BEDD9780153226BD003697AF /* 3rightback.png */; };
		BEDD97A6153226BD003697AF /* 3rightfront.png in Resources */ = {isa = PBXBuildFile; fileRef = BEDD9781153226BD003697AF /* 3rightfront.png */; };
		BEDD97A7153226BD003697AF /* 4leftback.png in Resources */ = {isa = PBXBuildFile; fileRef = BEDD9782153226BD003697AF /* 4leftback.png */; };
		BEDD97A8153226BD003697AF /* 4leftfront.png in Resources */ = {isa = PBXBuildFile; fileRef = BEDD9783153226BD003697AF /* 4leftfront.png */; };
		BEDD97A9153226BD003697AF /* 4rightback.png in Resources */ = {isa = PBXBuildFile; fileRef = BEDD9784153226BD003697AF /* 4rightback.png */; };
		BEDD97AA153226BD003697AF /* 4rightfront.png in Resources */ = {isa = PBXBuildFile; fileRef = BEDD9785153226BD003697AF /* 4rightfront.png */; };
		BEDD97AB153226BD003697AF /* 5leftback.png in Resources */ = {isa = PBXBuildFile; fileRef = BEDD9786153226BD003697AF /* 5leftback.png */; };
		BEDD97AC153226BD003697AF /* 5leftfront.png in Resources */ = {isa = PBXBuildFile; fileRef = BEDD9787153226BD003697AF /* 5leftfront.png */; };
		BEDD97AD153226BD003697AF /* 5rightback.png in Resources */ = {isa = PBXBuildFile; fileRef = BEDD9788153226BD003697AF /* 5rightback.png */; };
		BEDD97AE153226BD003697AF /* 5rightfront.png in Resources */ = {isa = PBXBuildFile; fileRef = BEDD9789153226BD003697AF /* 5rightfront.png */; };
		BEDD97AF153226BD003697AF /* 6leftback.png in Resources */ = {isa = PBXBuildFile; fileRef = BEDD978A153226BD003697AF /* 6leftback.png */; };
		BEDD97B0153226BD003697AF /* 6leftfront.png in Resources */ = {isa = PBXBuildFile; fileRef = BEDD978B153226BD003697AF /* 6leftfront.png */; };
		BEDD97B1153226BD003697AF /* 6rightback.png in Resources */ = {isa = PBXBuildFile; fileRef = BEDD978C153226BD003697AF /* 6rightback.png */; };
		BEDD97B2153226BD003697AF /* 6rightfront.png in Resources */ = {isa = PBXBuildFile; fileRef = BEDD978D153226BD003697AF /* 6rightfront.png */; };
		BEDD97B3153226BD003697AF /* 7leftback.png in Resources */ = {isa = PBXBuildFile; fileRef = BEDD978E153226BD003697AF /* 7leftback.png */; };
		BEDD97B4153226BD003697AF /* 7leftfront.png in Resources */ = {isa = PBXBuildFile; fileRef = BEDD978F153226BD003697AF /* 7leftfront.png */; };
		BEDD97B5153226BD003697AF /* 7rightback.png in Resources */ = {isa = PBXBuildFile; fileRef = BEDD9790153226BD003697AF /* 7rightback.png */; };
		BEDD97B6153226BD003697AF /* 7rightfront.png in Resources */ = {isa = PBXBuildFile; fileRef = BEDD9791153226BD003697AF /* 7rightfront.png */; };
		BEDD97B7153226BD003697AF /* 8leftback.png in Resources */ = {isa = PBXBuildFile; fileRef = BEDD9792153226BD003697AF /* 8leftback.png */; };
		BEDD97B8153226BD003697AF /* 8leftfront.png in Resources */ = {isa = PBXBuildFile; fileRef = BEDD9793153226BD003697AF /* 8leftfront.png */; };
		BEDD97B9153226BD003697AF /* 8rightback.png in Resources */ = {isa = PBXBuildFile; fileRef = BEDD9794153226BD003697AF /* 8rightback.png */; };
		BEDD97BA153226BD003697AF /* 8rightfront.png in Resources */ = {isa = PBXBuildFile; fileRef = BEDD9795153226BD003697AF /* 8rightfront.png */; };
		BEDD97BB153226BD003697AF /* 9leftback.png in Resources */ = {isa = PBXBuildFile; fileRef = BEDD9796153226BD003697AF /* 9leftback.png */; };
		BEDD97BC153226BD003697AF /* 9leftfront.png in Resources */ = {isa = PBXBuildFile; fileRef = BEDD9797153226BD003697AF /* 9leftfront.png */; };
		BEDD97BD153226BD003697AF /* 9rightback.png in Resources */ = {isa = PBXBuildFile; fileRef = BEDD9798153226BD003697AF /* 9rightback.png */; };
		BEDD97BE153226BD003697AF /* 9rightfront.png in Resources */ = {isa = PBXBuildFile; fileRef = BEDD9799153226BD003697AF /* 9rightfront.png */; };
		BEDD97BF153226BD003697AF /* redCircle.png in Resources */ = {isa = PBXBuildFile; fileRef = BEDD979A153226BD003697AF /* redCircle.png */; };
		BEDD97C5153226DE003697AF /* rightback_6_1.png in Resources */ = {isa = PBXBuildFile; fileRef = BEDD97C1153226DE003697AF /* rightback_6_1.png */; };
		BEDD97C6153226DE003697AF /* rightback_6_2.png in Resources */ = {isa = PBXBuildFile; fileRef = BEDD97C2153226DE003697AF /* rightback_6_2.png */; };
		BEDD97C7153226DE003697AF /* rightfront_6_1.png in Resources */ = {isa = PBXBuildFile; fileRef = BEDD97C3153226DE003697AF /* rightfront_6_1.png */; };
		BEDD97C8153226DE003697AF /* rightfront_6_2.png in Resources */ = {isa = PBXBuildFile; fileRef = BEDD97C4153226DE003697AF /* rightfront_6_2.png */; };
		BEDD97D015322AE0003697AF /* chapter5Drag.m in Sources */ = {isa = PBXBuildFile; fileRef = BEDD97CE15322AE0003697AF /* chapter5Drag.m */; };
		BEDD97D115322AE0003697AF /* chapter5Drag.xib in Resources */ = {isa = PBXBuildFile; fileRef = BEDD97CF15322AE0003697AF /* chapter5Drag.xib */; };
/* End PBXBuildFile section */

/* Begin PBXFileReference section */
		15830F28152A01CC00977154 /* DetailViewController.h */ = {isa = PBXFileReference; fileEncoding = 4; lastKnownFileType = sourcecode.c.h; path = DetailViewController.h; sourceTree = "<group>"; };
		15830F29152A01CC00977154 /* DetailViewController.m */ = {isa = PBXFileReference; fileEncoding = 4; lastKnownFileType = sourcecode.c.objc; path = DetailViewController.m; sourceTree = "<group>"; };
		15830F2A152A01CC00977154 /* DetailViewController.xib */ = {isa = PBXFileReference; fileEncoding = 4; lastKnownFileType = file.xib; path = DetailViewController.xib; sourceTree = "<group>"; };
		15830F2D152A098900977154 /* DNA.png */ = {isa = PBXFileReference; lastKnownFileType = image.png; path = DNA.png; sourceTree = "<group>"; };
		15830F31152A103A00977154 /* Transparent_Bar.png */ = {isa = PBXFileReference; lastKnownFileType = image.png; path = Transparent_Bar.png; sourceTree = "<group>"; };
		15D17121152C9F6E00203054 /* genetics_72.png */ = {isa = PBXFileReference; lastKnownFileType = image.png; name = genetics_72.png; path = ../genetics_72.png; sourceTree = "<group>"; };
		B93DB483152E92CF0020A71D /* chapter6.plist */ = {isa = PBXFileReference; fileEncoding = 4; lastKnownFileType = text.plist.xml; path = chapter6.plist; sourceTree = "<group>"; };
		B966B5AE152F409900616409 /* 01.png */ = {isa = PBXFileReference; lastKnownFileType = image.png; path = 01.png; sourceTree = "<group>"; };
		B966B5AF152F409900616409 /* 02.png */ = {isa = PBXFileReference; lastKnownFileType = image.png; path = 02.png; sourceTree = "<group>"; };
		B966B5B0152F409900616409 /* 03.png */ = {isa = PBXFileReference; lastKnownFileType = image.png; path = 03.png; sourceTree = "<group>"; };
		B966B5B1152F409900616409 /* 04.png */ = {isa = PBXFileReference; lastKnownFileType = image.png; path = 04.png; sourceTree = "<group>"; };
		B966B5B2152F409900616409 /* 05.png */ = {isa = PBXFileReference; lastKnownFileType = image.png; path = 05.png; sourceTree = "<group>"; };
		B966B5B3152F409900616409 /* 06.png */ = {isa = PBXFileReference; lastKnownFileType = image.png; path = 06.png; sourceTree = "<group>"; };
		B966B5B4152F409900616409 /* 07.png */ = {isa = PBXFileReference; lastKnownFileType = image.png; path = 07.png; sourceTree = "<group>"; };
		B966B5B5152F409900616409 /* 08.png */ = {isa = PBXFileReference; lastKnownFileType = image.png; path = 08.png; sourceTree = "<group>"; };
		B966B5B6152F409900616409 /* 09.png */ = {isa = PBXFileReference; lastKnownFileType = image.png; path = 09.png; sourceTree = "<group>"; };
		B966B5B8152F409900616409 /* 10.png */ = {isa = PBXFileReference; lastKnownFileType = image.png; path = 10.png; sourceTree = "<group>"; };
		B966B5B9152F409900616409 /* 11.png */ = {isa = PBXFileReference; lastKnownFileType = image.png; path = 11.png; sourceTree = "<group>"; };
		B966B5BA152F409900616409 /* 12.png */ = {isa = PBXFileReference; lastKnownFileType = image.png; path = 12.png; sourceTree = "<group>"; };
		B966B5BB152F409900616409 /* 13.png */ = {isa = PBXFileReference; lastKnownFileType = image.png; path = 13.png; sourceTree = "<group>"; };
		B966B5BC152F409900616409 /* 14.png */ = {isa = PBXFileReference; lastKnownFileType = image.png; path = 14.png; sourceTree = "<group>"; };
		B966B5BD152F409900616409 /* 15.png */ = {isa = PBXFileReference; lastKnownFileType = image.png; path = 15.png; sourceTree = "<group>"; };
		B966B5BE152F409900616409 /* 16.png */ = {isa = PBXFileReference; lastKnownFileType = image.png; path = 16.png; sourceTree = "<group>"; };
		B966B5BF152F409900616409 /* 17.png */ = {isa = PBXFileReference; lastKnownFileType = image.png; path = 17.png; sourceTree = "<group>"; };
		B966B5C0152F409900616409 /* 18.png */ = {isa = PBXFileReference; lastKnownFileType = image.png; path = 18.png; sourceTree = "<group>"; };
		B966B5C1152F409900616409 /* 19.png */ = {isa = PBXFileReference; lastKnownFileType = image.png; path = 19.png; sourceTree = "<group>"; };
		B966B5C3152F409900616409 /* 20.png */ = {isa = PBXFileReference; lastKnownFileType = image.png; path = 20.png; sourceTree = "<group>"; };
		B966B5C4152F409900616409 /* 21.png */ = {isa = PBXFileReference; lastKnownFileType = image.png; path = 21.png; sourceTree = "<group>"; };
		B966B5C5152F409900616409 /* 22.png */ = {isa = PBXFileReference; lastKnownFileType = image.png; path = 22.png; sourceTree = "<group>"; };
		B966B5C6152F409900616409 /* 23.png */ = {isa = PBXFileReference; lastKnownFileType = image.png; path = 23.png; sourceTree = "<group>"; };
		B966B5C7152F409900616409 /* 24.png */ = {isa = PBXFileReference; lastKnownFileType = image.png; path = 24.png; sourceTree = "<group>"; };
		B966B5C8152F409900616409 /* 25.png */ = {isa = PBXFileReference; lastKnownFileType = image.png; path = 25.png; sourceTree = "<group>"; };
		B966B5C9152F409900616409 /* 26.png */ = {isa = PBXFileReference; lastKnownFileType = image.png; path = 26.png; sourceTree = "<group>"; };
		B966B5CA152F409900616409 /* 27.png */ = {isa = PBXFileReference; lastKnownFileType = image.png; path = 27.png; sourceTree = "<group>"; };
		B966B5CB152F409900616409 /* 28.png */ = {isa = PBXFileReference; lastKnownFileType = image.png; path = 28.png; sourceTree = "<group>"; };
		B966B5CC152F409900616409 /* 29.png */ = {isa = PBXFileReference; lastKnownFileType = image.png; path = 29.png; sourceTree = "<group>"; };
		B966B5CE152F409900616409 /* 30.png */ = {isa = PBXFileReference; lastKnownFileType = image.png; path = 30.png; sourceTree = "<group>"; };
		B966B5CF152F409900616409 /* 31.png */ = {isa = PBXFileReference; lastKnownFileType = image.png; path = 31.png; sourceTree = "<group>"; };
		B966B5D0152F409900616409 /* 32.png */ = {isa = PBXFileReference; lastKnownFileType = image.png; path = 32.png; sourceTree = "<group>"; };
		B966B605152F4DDF00616409 /* StaticView6Controller.h */ = {isa = PBXFileReference; fileEncoding = 4; lastKnownFileType = sourcecode.c.h; path = StaticView6Controller.h; sourceTree = "<group>"; };
		B966B606152F4DDF00616409 /* StaticView6Controller.m */ = {isa = PBXFileReference; fileEncoding = 4; lastKnownFileType = sourcecode.c.objc; path = StaticView6Controller.m; sourceTree = "<group>"; };
		B966B607152F4DDF00616409 /* StaticView6Controller.xib */ = {isa = PBXFileReference; fileEncoding = 4; lastKnownFileType = file.xib; path = StaticView6Controller.xib; sourceTree = "<group>"; };
		B996E71D1529380000089A68 /* Genetics Learning.app */ = {isa = PBXFileReference; explicitFileType = wrapper.application; includeInIndex = 0; path = "Genetics Learning.app"; sourceTree = BUILT_PRODUCTS_DIR; };
		B996E7211529380000089A68 /* UIKit.framework */ = {isa = PBXFileReference; lastKnownFileType = wrapper.framework; name = UIKit.framework; path = System/Library/Frameworks/UIKit.framework; sourceTree = SDKROOT; };
		B996E7231529380000089A68 /* Foundation.framework */ = {isa = PBXFileReference; lastKnownFileType = wrapper.framework; name = Foundation.framework; path = System/Library/Frameworks/Foundation.framework; sourceTree = SDKROOT; };
		B996E7251529380000089A68 /* CoreGraphics.framework */ = {isa = PBXFileReference; lastKnownFileType = wrapper.framework; name = CoreGraphics.framework; path = System/Library/Frameworks/CoreGraphics.framework; sourceTree = SDKROOT; };
		B996E7291529380000089A68 /* Genetics Learning-Info.plist */ = {isa = PBXFileReference; lastKnownFileType = text.plist.xml; path = "Genetics Learning-Info.plist"; sourceTree = "<group>"; };
		B996E72B1529380000089A68 /* en */ = {isa = PBXFileReference; lastKnownFileType = text.plist.strings; name = en; path = en.lproj/InfoPlist.strings; sourceTree = "<group>"; };
		B996E72D1529380000089A68 /* main.m */ = {isa = PBXFileReference; lastKnownFileType = sourcecode.c.objc; path = main.m; sourceTree = "<group>"; };
		B996E72F1529380000089A68 /* Genetics Learning-Prefix.pch */ = {isa = PBXFileReference; lastKnownFileType = sourcecode.c.h; path = "Genetics Learning-Prefix.pch"; sourceTree = "<group>"; };
		B996E7301529380000089A68 /* AppDelegate.h */ = {isa = PBXFileReference; lastKnownFileType = sourcecode.c.h; path = AppDelegate.h; sourceTree = "<group>"; };
		B996E7311529380000089A68 /* AppDelegate.m */ = {isa = PBXFileReference; lastKnownFileType = sourcecode.c.objc; path = AppDelegate.m; sourceTree = "<group>"; };
		B996E7381529387600089A68 /* MasterViewController.h */ = {isa = PBXFileReference; fileEncoding = 4; lastKnownFileType = sourcecode.c.h; path = MasterViewController.h; sourceTree = "<group>"; };
		B996E7391529387600089A68 /* MasterViewController.m */ = {isa = PBXFileReference; fileEncoding = 4; lastKnownFileType = sourcecode.c.objc; path = MasterViewController.m; sourceTree = "<group>"; };
		B996E73A1529387600089A68 /* MasterViewController.xib */ = {isa = PBXFileReference; fileEncoding = 4; lastKnownFileType = file.xib; path = MasterViewController.xib; sourceTree = "<group>"; };
		BE0386E41530E17A00F7F100 /* DetailViewController6.h */ = {isa = PBXFileReference; fileEncoding = 4; lastKnownFileType = sourcecode.c.h; path = DetailViewController6.h; sourceTree = "<group>"; };
		BE0386E51530E17A00F7F100 /* DetailViewController6.m */ = {isa = PBXFileReference; fileEncoding = 4; lastKnownFileType = sourcecode.c.objc; path = DetailViewController6.m; sourceTree = "<group>"; };
		BE0386E61530E17A00F7F100 /* DetailViewController6.xib */ = {isa = PBXFileReference; fileEncoding = 4; lastKnownFileType = file.xib; path = DetailViewController6.xib; sourceTree = "<group>"; };
		BE0386EB1530E67F00F7F100 /* 001.png */ = {isa = PBXFileReference; lastKnownFileType = image.png; path = 001.png; sourceTree = "<group>"; };
		BE0386EC1530E67F00F7F100 /* 002.png */ = {isa = PBXFileReference; lastKnownFileType = image.png; path = 002.png; sourceTree = "<group>"; };
		BE0386ED1530E67F00F7F100 /* 003.png */ = {isa = PBXFileReference; lastKnownFileType = image.png; path = 003.png; sourceTree = "<group>"; };
		BE0386EE1530E67F00F7F100 /* 004.png */ = {isa = PBXFileReference; lastKnownFileType = image.png; path = 004.png; sourceTree = "<group>"; };
		BE0386EF1530E67F00F7F100 /* 005.png */ = {isa = PBXFileReference; lastKnownFileType = image.png; path = 005.png; sourceTree = "<group>"; };
		BE0386F01530E67F00F7F100 /* 006.png */ = {isa = PBXFileReference; lastKnownFileType = image.png; path = 006.png; sourceTree = "<group>"; };
		BE0386F11530E67F00F7F100 /* 007.png */ = {isa = PBXFileReference; lastKnownFileType = image.png; path = 007.png; sourceTree = "<group>"; };
		BE0386F21530E67F00F7F100 /* 008.png */ = {isa = PBXFileReference; lastKnownFileType = image.png; path = 008.png; sourceTree = "<group>"; };
		BE0386F31530E67F00F7F100 /* 009.png */ = {isa = PBXFileReference; lastKnownFileType = image.png; path = 009.png; sourceTree = "<group>"; };
		BE0386F41530E67F00F7F100 /* 010.png */ = {isa = PBXFileReference; lastKnownFileType = image.png; path = 010.png; sourceTree = "<group>"; };
		BE0386F51530E67F00F7F100 /* 011.png */ = {isa = PBXFileReference; lastKnownFileType = image.png; path = 011.png; sourceTree = "<group>"; };
		BE674FDC152D43E300C18493 /* chapter5.plist */ = {isa = PBXFileReference; fileEncoding = 4; lastKnownFileType = text.plist.xml; path = chapter5.plist; sourceTree = "<group>"; };
		BE9F96B6152C013B0098A24F /* StaticViewController.h */ = {isa = PBXFileReference; fileEncoding = 4; lastKnownFileType = sourcecode.c.h; path = StaticViewController.h; sourceTree = "<group>"; };
		BE9F96B7152C013B0098A24F /* StaticViewController.m */ = {isa = PBXFileReference; fileEncoding = 4; lastKnownFileType = sourcecode.c.objc; path = StaticViewController.m; sourceTree = "<group>"; };
		BE9F96B8152C013B0098A24F /* StaticViewController.xib */ = {isa = PBXFileReference; fileEncoding = 4; lastKnownFileType = file.xib; path = StaticViewController.xib; sourceTree = "<group>"; };
		BEDD9776153226BD003697AF /* 1leftback.png */ = {isa = PBXFileReference; lastKnownFileType = image.png; path = 1leftback.png; sourceTree = "<group>"; };
		BEDD9777153226BD003697AF /* 1leftfront.png */ = {isa = PBXFileReference; lastKnownFileType = image.png; path = 1leftfront.png; sourceTree = "<group>"; };
		BEDD9778153226BD003697AF /* 1rightback.png */ = {isa = PBXFileReference; lastKnownFileType = image.png; path = 1rightback.png; sourceTree = "<group>"; };
		BEDD9779153226BD003697AF /* 1rightfront.png */ = {isa = PBXFileReference; lastKnownFileType = image.png; path = 1rightfront.png; sourceTree = "<group>"; };
		BEDD977A153226BD003697AF /* 2leftback.png */ = {isa = PBXFileReference; lastKnownFileType = image.png; path = 2leftback.png; sourceTree = "<group>"; };
		BEDD977B153226BD003697AF /* 2leftfront.png */ = {isa = PBXFileReference; lastKnownFileType = image.png; path = 2leftfront.png; sourceTree = "<group>"; };
		BEDD977C153226BD003697AF /* 2rightback.png */ = {isa = PBXFileReference; lastKnownFileType = image.png; path = 2rightback.png; sourceTree = "<group>"; };
		BEDD977D153226BD003697AF /* 2rightfront.png */ = {isa = PBXFileReference; lastKnownFileType = image.png; path = 2rightfront.png; sourceTree = "<group>"; };
		BEDD977E153226BD003697AF /* 3leftback.png */ = {isa = PBXFileReference; lastKnownFileType = image.png; path = 3leftback.png; sourceTree = "<group>"; };
		BEDD977F153226BD003697AF /* 3leftfront.png */ = {isa = PBXFileReference; lastKnownFileType = image.png; path = 3leftfront.png; sourceTree = "<group>"; };
		BEDD9780153226BD003697AF /* 3rightback.png */ = {isa = PBXFileReference; lastKnownFileType = image.png; path = 3rightback.png; sourceTree = "<group>"; };
		BEDD9781153226BD003697AF /* 3rightfront.png */ = {isa = PBXFileReference; lastKnownFileType = image.png; path = 3rightfront.png; sourceTree = "<group>"; };
		BEDD9782153226BD003697AF /* 4leftback.png */ = {isa = PBXFileReference; lastKnownFileType = image.png; path = 4leftback.png; sourceTree = "<group>"; };
		BEDD9783153226BD003697AF /* 4leftfront.png */ = {isa = PBXFileReference; lastKnownFileType = image.png; path = 4leftfront.png; sourceTree = "<group>"; };
		BEDD9784153226BD003697AF /* 4rightback.png */ = {isa = PBXFileReference; lastKnownFileType = image.png; path = 4rightback.png; sourceTree = "<group>"; };
		BEDD9785153226BD003697AF /* 4rightfront.png */ = {isa = PBXFileReference; lastKnownFileType = image.png; path = 4rightfront.png; sourceTree = "<group>"; };
		BEDD9786153226BD003697AF /* 5leftback.png */ = {isa = PBXFileReference; lastKnownFileType = image.png; path = 5leftback.png; sourceTree = "<group>"; };
		BEDD9787153226BD003697AF /* 5leftfront.png */ = {isa = PBXFileReference; lastKnownFileType = image.png; path = 5leftfront.png; sourceTree = "<group>"; };
		BEDD9788153226BD003697AF /* 5rightback.png */ = {isa = PBXFileReference; lastKnownFileType = image.png; path = 5rightback.png; sourceTree = "<group>"; };
		BEDD9789153226BD003697AF /* 5rightfront.png */ = {isa = PBXFileReference; lastKnownFileType = image.png; path = 5rightfront.png; sourceTree = "<group>"; };
		BEDD978A153226BD003697AF /* 6leftback.png */ = {isa = PBXFileReference; lastKnownFileType = image.png; path = 6leftback.png; sourceTree = "<group>"; };
		BEDD978B153226BD003697AF /* 6leftfront.png */ = {isa = PBXFileReference; lastKnownFileType = image.png; path = 6leftfront.png; sourceTree = "<group>"; };
		BEDD978C153226BD003697AF /* 6rightback.png */ = {isa = PBXFileReference; lastKnownFileType = image.png; path = 6rightback.png; sourceTree = "<group>"; };
		BEDD978D153226BD003697AF /* 6rightfront.png */ = {isa = PBXFileReference; lastKnownFileType = image.png; path = 6rightfront.png; sourceTree = "<group>"; };
		BEDD978E153226BD003697AF /* 7leftback.png */ = {isa = PBXFileReference; lastKnownFileType = image.png; path = 7leftback.png; sourceTree = "<group>"; };
		BEDD978F153226BD003697AF /* 7leftfront.png */ = {isa = PBXFileReference; lastKnownFileType = image.png; path = 7leftfront.png; sourceTree = "<group>"; };
		BEDD9790153226BD003697AF /* 7rightback.png */ = {isa = PBXFileReference; lastKnownFileType = image.png; path = 7rightback.png; sourceTree = "<group>"; };
		BEDD9791153226BD003697AF /* 7rightfront.png */ = {isa = PBXFileReference; lastKnownFileType = image.png; path = 7rightfront.png; sourceTree = "<group>"; };
		BEDD9792153226BD003697AF /* 8leftback.png */ = {isa = PBXFileReference; lastKnownFileType = image.png; path = 8leftback.png; sourceTree = "<group>"; };
		BEDD9793153226BD003697AF /* 8leftfront.png */ = {isa = PBXFileReference; lastKnownFileType = image.png; path = 8leftfront.png; sourceTree = "<group>"; };
		BEDD9794153226BD003697AF /* 8rightback.png */ = {isa = PBXFileReference; lastKnownFileType = image.png; path = 8rightback.png; sourceTree = "<group>"; };
		BEDD9795153226BD003697AF /* 8rightfront.png */ = {isa = PBXFileReference; lastKnownFileType = image.png; path = 8rightfront.png; sourceTree = "<group>"; };
		BEDD9796153226BD003697AF /* 9leftback.png */ = {isa = PBXFileReference; lastKnownFileType = image.png; path = 9leftback.png; sourceTree = "<group>"; };
		BEDD9797153226BD003697AF /* 9leftfront.png */ = {isa = PBXFileReference; lastKnownFileType = image.png; path = 9leftfront.png; sourceTree = "<group>"; };
		BEDD9798153226BD003697AF /* 9rightback.png */ = {isa = PBXFileReference; lastKnownFileType = image.png; path = 9rightback.png; sourceTree = "<group>"; };
		BEDD9799153226BD003697AF /* 9rightfront.png */ = {isa = PBXFileReference; lastKnownFileType = image.png; path = 9rightfront.png; sourceTree = "<group>"; };
		BEDD979A153226BD003697AF /* redCircle.png */ = {isa = PBXFileReference; lastKnownFileType = image.png; path = redCircle.png; sourceTree = "<group>"; };
		BEDD97C1153226DE003697AF /* rightback_6_1.png */ = {isa = PBXFileReference; lastKnownFileType = image.png; path = rightback_6_1.png; sourceTree = "<group>"; };
		BEDD97C2153226DE003697AF /* rightback_6_2.png */ = {isa = PBXFileReference; lastKnownFileType = image.png; path = rightback_6_2.png; sourceTree = "<group>"; };
		BEDD97C3153226DE003697AF /* rightfront_6_1.png */ = {isa = PBXFileReference; lastKnownFileType = image.png; path = rightfront_6_1.png; sourceTree = "<group>"; };
		BEDD97C4153226DE003697AF /* rightfront_6_2.png */ = {isa = PBXFileReference; lastKnownFileType = image.png; path = rightfront_6_2.png; sourceTree = "<group>"; };
		BEDD97CD15322AE0003697AF /* chapter5Drag.h */ = {isa = PBXFileReference; fileEncoding = 4; lastKnownFileType = sourcecode.c.h; path = chapter5Drag.h; sourceTree = "<group>"; };
		BEDD97CE15322AE0003697AF /* chapter5Drag.m */ = {isa = PBXFileReference; fileEncoding = 4; lastKnownFileType = sourcecode.c.objc; path = chapter5Drag.m; sourceTree = "<group>"; };
		BEDD97CF15322AE0003697AF /* chapter5Drag.xib */ = {isa = PBXFileReference; fileEncoding = 4; lastKnownFileType = file.xib; path = chapter5Drag.xib; sourceTree = "<group>"; };
/* End PBXFileReference section */

/* Begin PBXFrameworksBuildPhase section */
		B996E71A1529380000089A68 /* Frameworks */ = {
			isa = PBXFrameworksBuildPhase;
			buildActionMask = 2147483647;
			files = (
				B996E7221529380000089A68 /* UIKit.framework in Frameworks */,
				B996E7241529380000089A68 /* Foundation.framework in Frameworks */,
				B996E7261529380000089A68 /* CoreGraphics.framework in Frameworks */,
			);
			runOnlyForDeploymentPostprocessing = 0;
		};
/* End PBXFrameworksBuildPhase section */

/* Begin PBXGroup section */
		B966B5AD152F409900616409 /* chapter5 */ = {
			isa = PBXGroup;
			children = (
				B966B5AE152F409900616409 /* 01.png */,
				B966B5AF152F409900616409 /* 02.png */,
				B966B5B0152F409900616409 /* 03.png */,
				B966B5B1152F409900616409 /* 04.png */,
				B966B5B2152F409900616409 /* 05.png */,
				B966B5B3152F409900616409 /* 06.png */,
				B966B5B4152F409900616409 /* 07.png */,
				B966B5B5152F409900616409 /* 08.png */,
				B966B5B6152F409900616409 /* 09.png */,
				B966B5B8152F409900616409 /* 10.png */,
				B966B5B9152F409900616409 /* 11.png */,
				B966B5BA152F409900616409 /* 12.png */,
				B966B5BB152F409900616409 /* 13.png */,
				B966B5BC152F409900616409 /* 14.png */,
				B966B5BD152F409900616409 /* 15.png */,
				B966B5BE152F409900616409 /* 16.png */,
				B966B5BF152F409900616409 /* 17.png */,
				B966B5C0152F409900616409 /* 18.png */,
				B966B5C1152F409900616409 /* 19.png */,
				B966B5C3152F409900616409 /* 20.png */,
				B966B5C4152F409900616409 /* 21.png */,
				B966B5C5152F409900616409 /* 22.png */,
				B966B5C6152F409900616409 /* 23.png */,
				B966B5C7152F409900616409 /* 24.png */,
				B966B5C8152F409900616409 /* 25.png */,
				B966B5C9152F409900616409 /* 26.png */,
				B966B5CA152F409900616409 /* 27.png */,
				B966B5CB152F409900616409 /* 28.png */,
				B966B5CC152F409900616409 /* 29.png */,
				B966B5CE152F409900616409 /* 30.png */,
				B966B5CF152F409900616409 /* 31.png */,
				B966B5D0152F409900616409 /* 32.png */,
			);
			path = chapter5;
			sourceTree = "<group>";
		};
		B996E7121529380000089A68 = {
			isa = PBXGroup;
			children = (
				BE674FDE152D4C3400C18493 /* Resources */,
				B996E7271529380000089A68 /* Genetics Learning */,
				B996E7201529380000089A68 /* Frameworks */,
				B996E71E1529380000089A68 /* Products */,
			);
			sourceTree = "<group>";
		};
		B996E71E1529380000089A68 /* Products */ = {
			isa = PBXGroup;
			children = (
				B996E71D1529380000089A68 /* Genetics Learning.app */,
			);
			name = Products;
			sourceTree = "<group>";
		};
		B996E7201529380000089A68 /* Frameworks */ = {
			isa = PBXGroup;
			children = (
				B996E7211529380000089A68 /* UIKit.framework */,
				B996E7231529380000089A68 /* Foundation.framework */,
				B996E7251529380000089A68 /* CoreGraphics.framework */,
			);
			name = Frameworks;
			sourceTree = "<group>";
		};
		B996E7271529380000089A68 /* Genetics Learning */ = {
			isa = PBXGroup;
			children = (
				15830F28152A01CC00977154 /* DetailViewController.h */,
				15830F29152A01CC00977154 /* DetailViewController.m */,
				15830F2A152A01CC00977154 /* DetailViewController.xib */,
				BE0386E41530E17A00F7F100 /* DetailViewController6.h */,
				BE0386E51530E17A00F7F100 /* DetailViewController6.m */,
				BE0386E61530E17A00F7F100 /* DetailViewController6.xib */,
				B996E7301529380000089A68 /* AppDelegate.h */,
				B996E7311529380000089A68 /* AppDelegate.m */,
				B996E7381529387600089A68 /* MasterViewController.h */,
				B996E7391529387600089A68 /* MasterViewController.m */,
				B996E73A1529387600089A68 /* MasterViewController.xib */,
				BE9F96B6152C013B0098A24F /* StaticViewController.h */,
				BE9F96B7152C013B0098A24F /* StaticViewController.m */,
				BE9F96B8152C013B0098A24F /* StaticViewController.xib */,
				B966B605152F4DDF00616409 /* StaticView6Controller.h */,
				B966B606152F4DDF00616409 /* StaticView6Controller.m */,
				B966B607152F4DDF00616409 /* StaticView6Controller.xib */,
				B996E7281529380000089A68 /* Supporting Files */,
				BEDD97CD15322AE0003697AF /* chapter5Drag.h */,
				BEDD97CE15322AE0003697AF /* chapter5Drag.m */,
				BEDD97CF15322AE0003697AF /* chapter5Drag.xib */,
			);
			path = "Genetics Learning";
			sourceTree = "<group>";
		};
		B996E7281529380000089A68 /* Supporting Files */ = {
			isa = PBXGroup;
			children = (
				B996E7291529380000089A68 /* Genetics Learning-Info.plist */,
				B996E72A1529380000089A68 /* InfoPlist.strings */,
				B996E72D1529380000089A68 /* main.m */,
				B996E72F1529380000089A68 /* Genetics Learning-Prefix.pch */,
			);
			name = "Supporting Files";
			sourceTree = "<group>";
		};
		BE0386EA1530E67F00F7F100 /* chapter6 */ = {
			isa = PBXGroup;
			children = (
				BEDD97C1153226DE003697AF /* rightback_6_1.png */,
				BEDD97C2153226DE003697AF /* rightback_6_2.png */,
				BEDD97C3153226DE003697AF /* rightfront_6_1.png */,
				BEDD97C4153226DE003697AF /* rightfront_6_2.png */,
				BE0386EB1530E67F00F7F100 /* 001.png */,
				BE0386EC1530E67F00F7F100 /* 002.png */,
				BE0386ED1530E67F00F7F100 /* 003.png */,
				BE0386EE1530E67F00F7F100 /* 004.png */,
				BE0386EF1530E67F00F7F100 /* 005.png */,
				BE0386F01530E67F00F7F100 /* 006.png */,
				BE0386F11530E67F00F7F100 /* 007.png */,
				BE0386F21530E67F00F7F100 /* 008.png */,
				BE0386F31530E67F00F7F100 /* 009.png */,
				BE0386F41530E67F00F7F100 /* 010.png */,
				BE0386F51530E67F00F7F100 /* 011.png */,
			);
			path = chapter6;
			sourceTree = "<group>";
		};
		BE674FDE152D4C3400C18493 /* Resources */ = {
			isa = PBXGroup;
			children = (
				BEDD9775153226BD003697AF /* chapter5Animation */,
				BE0386EA1530E67F00F7F100 /* chapter6 */,
				B966B5AD152F409900616409 /* chapter5 */,
				15D17121152C9F6E00203054 /* genetics_72.png */,
				15830F31152A103A00977154 /* Transparent_Bar.png */,
				15830F2D152A098900977154 /* DNA.png */,
				BE674FDC152D43E300C18493 /* chapter5.plist */,
				B93DB483152E92CF0020A71D /* chapter6.plist */,
			);
			name = Resources;
			path = "Genetics Learning";
			sourceTree = "<group>";
		};
		BEDD9775153226BD003697AF /* chapter5Animation */ = {
			isa = PBXGroup;
			children = (
				BEDD9776153226BD003697AF /* 1leftback.png */,
				BEDD9777153226BD003697AF /* 1leftfront.png */,
				BEDD9778153226BD003697AF /* 1rightback.png */,
				BEDD9779153226BD003697AF /* 1rightfront.png */,
				BEDD977A153226BD003697AF /* 2leftback.png */,
				BEDD977B153226BD003697AF /* 2leftfront.png */,
				BEDD977C153226BD003697AF /* 2rightback.png */,
				BEDD977D153226BD003697AF /* 2rightfront.png */,
				BEDD977E153226BD003697AF /* 3leftback.png */,
				BEDD977F153226BD003697AF /* 3leftfront.png */,
				BEDD9780153226BD003697AF /* 3rightback.png */,
				BEDD9781153226BD003697AF /* 3rightfront.png */,
				BEDD9782153226BD003697AF /* 4leftback.png */,
				BEDD9783153226BD003697AF /* 4leftfront.png */,
				BEDD9784153226BD003697AF /* 4rightback.png */,
				BEDD9785153226BD003697AF /* 4rightfront.png */,
				BEDD9786153226BD003697AF /* 5leftback.png */,
				BEDD9787153226BD003697AF /* 5leftfront.png */,
				BEDD9788153226BD003697AF /* 5rightback.png */,
				BEDD9789153226BD003697AF /* 5rightfront.png */,
				BEDD978A153226BD003697AF /* 6leftback.png */,
				BEDD978B153226BD003697AF /* 6leftfront.png */,
				BEDD978C153226BD003697AF /* 6rightback.png */,
				BEDD978D153226BD003697AF /* 6rightfront.png */,
				BEDD978E153226BD003697AF /* 7leftback.png */,
				BEDD978F153226BD003697AF /* 7leftfront.png */,
				BEDD9790153226BD003697AF /* 7rightback.png */,
				BEDD9791153226BD003697AF /* 7rightfront.png */,
				BEDD9792153226BD003697AF /* 8leftback.png */,
				BEDD9793153226BD003697AF /* 8leftfront.png */,
				BEDD9794153226BD003697AF /* 8rightback.png */,
				BEDD9795153226BD003697AF /* 8rightfront.png */,
				BEDD9796153226BD003697AF /* 9leftback.png */,
				BEDD9797153226BD003697AF /* 9leftfront.png */,
				BEDD9798153226BD003697AF /* 9rightback.png */,
				BEDD9799153226BD003697AF /* 9rightfront.png */,
				BEDD979A153226BD003697AF /* redCircle.png */,
			);
			path = chapter5Animation;
			sourceTree = "<group>";
		};
/* End PBXGroup section */

/* Begin PBXNativeTarget section */
		B996E71C1529380000089A68 /* Genetics Learning */ = {
			isa = PBXNativeTarget;
			buildConfigurationList = B996E7351529380000089A68 /* Build configuration list for PBXNativeTarget "Genetics Learning" */;
			buildPhases = (
				B996E7191529380000089A68 /* Sources */,
				B996E71A1529380000089A68 /* Frameworks */,
				B996E71B1529380000089A68 /* Resources */,
			);
			buildRules = (
			);
			dependencies = (
			);
			name = "Genetics Learning";
			productName = "Genetics Learning";
			productReference = B996E71D1529380000089A68 /* Genetics Learning.app */;
			productType = "com.apple.product-type.application";
		};
/* End PBXNativeTarget section */

/* Begin PBXProject section */
		B996E7141529380000089A68 /* Project object */ = {
			isa = PBXProject;
			attributes = {
				LastUpgradeCheck = 0420;
			};
			buildConfigurationList = B996E7171529380000089A68 /* Build configuration list for PBXProject "Genetics Learning" */;
			compatibilityVersion = "Xcode 3.2";
			developmentRegion = English;
			hasScannedForEncodings = 0;
			knownRegions = (
				en,
			);
			mainGroup = B996E7121529380000089A68;
			productRefGroup = B996E71E1529380000089A68 /* Products */;
			projectDirPath = "";
			projectRoot = "";
			targets = (
				B996E71C1529380000089A68 /* Genetics Learning */,
			);
		};
/* End PBXProject section */

/* Begin PBXResourcesBuildPhase section */
		B996E71B1529380000089A68 /* Resources */ = {
			isa = PBXResourcesBuildPhase;
			buildActionMask = 2147483647;
			files = (
				B996E72C1529380000089A68 /* InfoPlist.strings in Resources */,
				B996E73C1529387600089A68 /* MasterViewController.xib in Resources */,
				15830F2C152A01CC00977154 /* DetailViewController.xib in Resources */,
				15830F2E152A098900977154 /* DNA.png in Resources */,
				15830F32152A103A00977154 /* Transparent_Bar.png in Resources */,
				BE9F96BA152C013B0098A24F /* StaticViewController.xib in Resources */,
				15D17122152C9F6E00203054 /* genetics_72.png in Resources */,
				BE674FDD152D43E300C18493 /* chapter5.plist in Resources */,
				B93DB484152E92CF0020A71D /* chapter6.plist in Resources */,
				B966B5D7152F409900616409 /* 01.png in Resources */,
				B966B5D8152F409900616409 /* 02.png in Resources */,
				B966B5D9152F409900616409 /* 03.png in Resources */,
				B966B5DA152F409900616409 /* 04.png in Resources */,
				B966B5DB152F409900616409 /* 05.png in Resources */,
				B966B5DC152F409900616409 /* 06.png in Resources */,
				B966B5DD152F409900616409 /* 07.png in Resources */,
				B966B5DE152F409900616409 /* 08.png in Resources */,
				B966B5DF152F409900616409 /* 09.png in Resources */,
				B966B5E1152F409900616409 /* 10.png in Resources */,
				B966B5E2152F409900616409 /* 11.png in Resources */,
				B966B5E3152F409900616409 /* 12.png in Resources */,
				B966B5E4152F409900616409 /* 13.png in Resources */,
				B966B5E5152F409900616409 /* 14.png in Resources */,
				B966B5E6152F409900616409 /* 15.png in Resources */,
				B966B5E7152F409900616409 /* 16.png in Resources */,
				B966B5E8152F409900616409 /* 17.png in Resources */,
				B966B5E9152F409900616409 /* 18.png in Resources */,
				B966B5EA152F409900616409 /* 19.png in Resources */,
				B966B5EC152F409900616409 /* 20.png in Resources */,
				B966B5ED152F409900616409 /* 21.png in Resources */,
				B966B5EE152F409900616409 /* 22.png in Resources */,
				B966B5EF152F409900616409 /* 23.png in Resources */,
				B966B5F0152F409900616409 /* 24.png in Resources */,
				B966B5F1152F409900616409 /* 25.png in Resources */,
				B966B5F2152F409900616409 /* 26.png in Resources */,
				B966B5F3152F409900616409 /* 27.png in Resources */,
				B966B5F4152F409900616409 /* 28.png in Resources */,
				B966B5F5152F409900616409 /* 29.png in Resources */,
				B966B5F7152F409900616409 /* 30.png in Resources */,
				B966B5F8152F409900616409 /* 31.png in Resources */,
				B966B5F9152F409900616409 /* 32.png in Resources */,
				B966B609152F4DDF00616409 /* StaticView6Controller.xib in Resources */,
				BE0386E81530E17A00F7F100 /* DetailViewController6.xib in Resources */,
				BE0386F61530E67F00F7F100 /* 001.png in Resources */,
				BE0386F71530E67F00F7F100 /* 002.png in Resources */,
				BE0386F81530E67F00F7F100 /* 003.png in Resources */,
				BE0386F91530E67F00F7F100 /* 004.png in Resources */,
				BE0386FA1530E67F00F7F100 /* 005.png in Resources */,
				BE0386FB1530E67F00F7F100 /* 006.png in Resources */,
				BE0386FC1530E67F00F7F100 /* 007.png in Resources */,
				BE0386FD1530E67F00F7F100 /* 008.png in Resources */,
				BE0386FE1530E67F00F7F100 /* 009.png in Resources */,
				BE0386FF1530E67F00F7F100 /* 010.png in Resources */,
				BE0387001530E67F00F7F100 /* 011.png in Resources */,
				BEDD979B153226BD003697AF /* 1leftback.png in Resources */,
				BEDD979C153226BD003697AF /* 1leftfront.png in Resources */,
				BEDD979D153226BD003697AF /* 1rightback.png in Resources */,
				BEDD979E153226BD003697AF /* 1rightfront.png in Resources */,
				BEDD979F153226BD003697AF /* 2leftback.png in Resources */,
				BEDD97A0153226BD003697AF /* 2leftfront.png in Resources */,
				BEDD97A1153226BD003697AF /* 2rightback.png in Resources */,
				BEDD97A2153226BD003697AF /* 2rightfront.png in Resources */,
				BEDD97A3153226BD003697AF /* 3leftback.png in Resources */,
				BEDD97A4153226BD003697AF /* 3leftfront.png in Resources */,
				BEDD97A5153226BD003697AF /* 3rightback.png in Resources */,
				BEDD97A6153226BD003697AF /* 3rightfront.png in Resources */,
				BEDD97A7153226BD003697AF /* 4leftback.png in Resources */,
				BEDD97A8153226BD003697AF /* 4leftfront.png in Resources */,
				BEDD97A9153226BD003697AF /* 4rightback.png in Resources */,
				BEDD97AA153226BD003697AF /* 4rightfront.png in Resources */,
				BEDD97AB153226BD003697AF /* 5leftback.png in Resources */,
				BEDD97AC153226BD003697AF /* 5leftfront.png in Resources */,
				BEDD97AD153226BD003697AF /* 5rightback.png in Resources */,
				BEDD97AE153226BD003697AF /* 5rightfront.png in Resources */,
				BEDD97AF153226BD003697AF /* 6leftback.png in Resources */,
				BEDD97B0153226BD003697AF /* 6leftfront.png in Resources */,
				BEDD97B1153226BD003697AF /* 6rightback.png in Resources */,
				BEDD97B2153226BD003697AF /* 6rightfront.png in Resources */,
				BEDD97B3153226BD003697AF /* 7leftback.png in Resources */,
				BEDD97B4153226BD003697AF /* 7leftfront.png in Resources */,
				BEDD97B5153226BD003697AF /* 7rightback.png in Resources */,
				BEDD97B6153226BD003697AF /* 7rightfront.png in Resources */,
				BEDD97B7153226BD003697AF /* 8leftback.png in Resources */,
				BEDD97B8153226BD003697AF /* 8leftfront.png in Resources */,
				BEDD97B9153226BD003697AF /* 8rightback.png in Resources */,
				BEDD97BA153226BD003697AF /* 8rightfront.png in Resources */,
				BEDD97BB153226BD003697AF /* 9leftback.png in Resources */,
				BEDD97BC153226BD003697AF /* 9leftfront.png in Resources */,
				BEDD97BD153226BD003697AF /* 9rightback.png in Resources */,
				BEDD97BE153226BD003697AF /* 9rightfront.png in Resources */,
				BEDD97BF153226BD003697AF /* redCircle.png in Resources */,
				BEDD97C5153226DE003697AF /* rightback_6_1.png in Resources */,
				BEDD97C6153226DE003697AF /* rightback_6_2.png in Resources */,
				BEDD97C7153226DE003697AF /* rightfront_6_1.png in Resources */,
				BEDD97C8153226DE003697AF /* rightfront_6_2.png in Resources */,
				BEDD97D115322AE0003697AF /* chapter5Drag.xib in Resources */,
			);
			runOnlyForDeploymentPostprocessing = 0;
		};
/* End PBXResourcesBuildPhase section */

/* Begin PBXSourcesBuildPhase section */
		B996E7191529380000089A68 /* Sources */ = {
			isa = PBXSourcesBuildPhase;
			buildActionMask = 2147483647;
			files = (
				B996E72E1529380000089A68 /* main.m in Sources */,
				B996E7321529380000089A68 /* AppDelegate.m in Sources */,
				B996E73B1529387600089A68 /* MasterViewController.m in Sources */,
				15830F2B152A01CC00977154 /* DetailViewController.m in Sources */,
				BE9F96B9152C013B0098A24F /* StaticViewController.m in Sources */,
				B966B608152F4DDF00616409 /* StaticView6Controller.m in Sources */,
				BE0386E71530E17A00F7F100 /* DetailViewController6.m in Sources */,
				BEDD97D015322AE0003697AF /* chapter5Drag.m in Sources */,
			);
			runOnlyForDeploymentPostprocessing = 0;
		};
/* End PBXSourcesBuildPhase section */

/* Begin PBXVariantGroup section */
		B996E72A1529380000089A68 /* InfoPlist.strings */ = {
			isa = PBXVariantGroup;
			children = (
				B996E72B1529380000089A68 /* en */,
			);
			name = InfoPlist.strings;
			sourceTree = "<group>";
		};
/* End PBXVariantGroup section */

/* Begin XCBuildConfiguration section */
		B996E7331529380000089A68 /* Debug */ = {
			isa = XCBuildConfiguration;
			buildSettings = {
				ALWAYS_SEARCH_USER_PATHS = NO;
				ARCHS = "$(ARCHS_STANDARD_32_BIT)";
				CLANG_ENABLE_OBJC_ARC = YES;
				"CODE_SIGN_IDENTITY[sdk=iphoneos*]" = "iPhone Developer";
				COPY_PHASE_STRIP = NO;
				GCC_C_LANGUAGE_STANDARD = gnu99;
				GCC_DYNAMIC_NO_PIC = NO;
				GCC_OPTIMIZATION_LEVEL = 0;
				GCC_PREPROCESSOR_DEFINITIONS = (
					"DEBUG=1",
					"$(inherited)",
				);
				GCC_SYMBOLS_PRIVATE_EXTERN = NO;
				GCC_VERSION = com.apple.compilers.llvm.clang.1_0;
				GCC_WARN_ABOUT_MISSING_PROTOTYPES = YES;
				GCC_WARN_ABOUT_RETURN_TYPE = YES;
				GCC_WARN_UNUSED_VARIABLE = YES;
				IPHONEOS_DEPLOYMENT_TARGET = 5.0;
				SDKROOT = iphoneos;
				TARGETED_DEVICE_FAMILY = 2;
			};
			name = Debug;
		};
		B996E7341529380000089A68 /* Release */ = {
			isa = XCBuildConfiguration;
			buildSettings = {
				ALWAYS_SEARCH_USER_PATHS = NO;
				ARCHS = "$(ARCHS_STANDARD_32_BIT)";
				CLANG_ENABLE_OBJC_ARC = YES;
				"CODE_SIGN_IDENTITY[sdk=iphoneos*]" = "iPhone Developer";
				COPY_PHASE_STRIP = YES;
				GCC_C_LANGUAGE_STANDARD = gnu99;
				GCC_VERSION = com.apple.compilers.llvm.clang.1_0;
				GCC_WARN_ABOUT_MISSING_PROTOTYPES = YES;
				GCC_WARN_ABOUT_RETURN_TYPE = YES;
				GCC_WARN_UNUSED_VARIABLE = YES;
				IPHONEOS_DEPLOYMENT_TARGET = 5.0;
				OTHER_CFLAGS = "-DNS_BLOCK_ASSERTIONS=1";
				SDKROOT = iphoneos;
				TARGETED_DEVICE_FAMILY = 2;
				VALIDATE_PRODUCT = YES;
			};
			name = Release;
		};
		B996E7361529380000089A68 /* Debug */ = {
			isa = XCBuildConfiguration;
			buildSettings = {
				GCC_PRECOMPILE_PREFIX_HEADER = YES;
				GCC_PREFIX_HEADER = "Genetics Learning/Genetics Learning-Prefix.pch";
				INFOPLIST_FILE = "Genetics Learning/Genetics Learning-Info.plist";
				PRODUCT_NAME = "$(TARGET_NAME)";
				WRAPPER_EXTENSION = app;
			};
			name = Debug;
		};
		B996E7371529380000089A68 /* Release */ = {
			isa = XCBuildConfiguration;
			buildSettings = {
				GCC_PRECOMPILE_PREFIX_HEADER = YES;
				GCC_PREFIX_HEADER = "Genetics Learning/Genetics Learning-Prefix.pch";
				INFOPLIST_FILE = "Genetics Learning/Genetics Learning-Info.plist";
				PRODUCT_NAME = "$(TARGET_NAME)";
				WRAPPER_EXTENSION = app;
			};
			name = Release;
		};
/* End XCBuildConfiguration section */

/* Begin XCConfigurationList section */
		B996E7171529380000089A68 /* Build configuration list for PBXProject "Genetics Learning" */ = {
			isa = XCConfigurationList;
			buildConfigurations = (
				B996E7331529380000089A68 /* Debug */,
				B996E7341529380000089A68 /* Release */,
			);
			defaultConfigurationIsVisible = 0;
			defaultConfigurationName = Release;
		};
		B996E7351529380000089A68 /* Build configuration list for PBXNativeTarget "Genetics Learning" */ = {
			isa = XCConfigurationList;
			buildConfigurations = (
				B996E7361529380000089A68 /* Debug */,
				B996E7371529380000089A68 /* Release */,
			);
			defaultConfigurationIsVisible = 0;
			defaultConfigurationName = Release;
		};
/* End XCConfigurationList section */
	};
	rootObject = B996E7141529380000089A68 /* Project object */;
}
